<Solution>
  <Folder Name="/examples/" />
  <Folder Name="/examples/csharp/">
    <Project Path="examples/csharp/00_input_test/00_input_test.csproj" />
    <Project Path="examples/csharp/00_runtime_minimal/00_runtime_minimal.csproj" />
    <Project Path="examples/csharp/01_window_scene/01_window_scene.csproj" />
    <Project Path="examples/csharp/02_textured_quad/02_textured_quad.csproj" />
    <Project Path="examples/csharp/03_pbr_directional/03_pbr_directional.csproj" />
    <Project Path="examples/csharp/04_normal_map/04_normal_map.csproj" />
    <Project Path="examples/csharp/05_skybox_ibl/05_skybox_ibl.csproj" />
    <Project Path="examples/csharp/06_shadow_map/06_shadow_map.csproj" />
    <Project Path="examples/csharp/07_point_lights/07_point_lights.csproj" />
    <Project Path="examples/csharp/08_spot_lights/08_spot_lights.csproj" />
    <Project Path="examples/csharp/09_many_lights/09_many_lights.csproj" />
    <Project Path="examples/csharp/10_hdr_bloom/10_hdr_bloom.csproj" />
    <Project Path="examples/csharp/12_asset_loading/12_asset_loading.csproj" />
    <Project Path="examples/csharp/13_full_scene/13_full_scene.csproj" />
    <Project Path="examples/csharp/14_ui_quad/14_ui_quad.csproj" />
    <Project Path="examples/csharp/15_audio_test/15_audio_test.csproj" />
    <Project Path="examples/csharp/16_physics_test/16_physics_test.csproj" />
    <Project Path="examples/csharp/17_webgpu_clear/17_webgpu_clear.csproj" />
  </Folder>
  <Folder Name="/examples/csharp/games/">
    <Project Path="examples/csharp/games/pong/pong.csproj" />
  </Folder>
  <Folder Name="/src/" />
  <Folder Name="/src/csharp/">
    <Project Path="src/csharp/asset/KernelEngine.Asset.Abstractions/KernelEngine.Asset.Abstractions.csproj" />
    <Project Path="src/csharp/asset/KernelEngine.Asset/KernelEngine.Asset.csproj" />
    <Project Path="src/csharp/asset/KernelEngine.Asset.Assimp/KernelEngine.Asset.Assimp.csproj" />
    <Project Path="src/csharp/asset/KernelEngine.Asset.StbImage/KernelEngine.Asset.StbImage.csproj" />
    <Project Path="src/csharp/audio/KernelEngine.Audio/KernelEngine.Audio.csproj" />
    <Project Path="src/csharp/audio/KernelEngine.Audio.MiniAudio/KernelEngine.Audio.MiniAudio.csproj" />
    <Project Path="src/csharp/cli/KernelEngine.Cli/KernelEngine.Cli.csproj" />
    <Project Path="src/csharp/configuration/KernelEngine.Configuration/KernelEngine.Configuration.csproj" />
    <Project Path="src/csharp/framework/KernelEngine.Framework.Abstractions/KernelEngine.Framework.Abstractions.csproj" />
    <Project Path="src/csharp/framework/KernelEngine.Framework/KernelEngine.Framework.csproj" />
    <Project Path="src/csharp/toolkit/KernelEngine.Toolkit/KernelEngine.Toolkit.csproj" />
    <Project Path="src/csharp/logger/KernelEngine.Logger/KernelEngine.Logger.csproj" />
    <Project Path="src/csharp/input/KernelEngine.Input/KernelEngine.Input.csproj" />
    <Project Path="src/csharp/ecs/KernelEngine.Ecs/KernelEngine.Ecs.csproj" />
    <Project Path="src/csharp/ecs/KernelEngine.Ecs.Flecs/KernelEngine.Ecs.Flecs.csproj" />
    <Project Path="src/csharp/physics/KernelEngine.Physics/KernelEngine.Physics.csproj" />
    <Project Path="src/csharp/physics/KernelEngine.Physics.Box2D/KernelEngine.Physics.Box2D.csproj" />
    <Project Path="src/csharp/render/KernelEngine.Render/KernelEngine.Render.csproj" />
    <Project Path="src/csharp/render/KernelEngine.Render.Webgpu/KernelEngine.Render.Webgpu.csproj" />
    <Project Path="src/csharp/runtime/KernelEngine.Runtime/KernelEngine.Runtime.csproj" />
    <Project Path="src/csharp/scheduler/KernelEngine.Scheduler/KernelEngine.Scheduler.csproj" />
    <Project Path="src/csharp/scheduler/KernelEngine.Scheduler.Enki/KernelEngine.Scheduler.Enki.csproj" />
    <Project Path="src/csharp/text/KernelEngine.Text/KernelEngine.Text.csproj" />
    <Project Path="src/csharp/window/KernelEngine.Window/KernelEngine.Window.csproj" />
    <Project Path="src/csharp/window/KernelEngine.Window.Glfw/KernelEngine.Window.Glfw.csproj" />
  </Folder>
  <Folder Name="/tests/">
    <Project Path="tests/csharp/KernelEngine.Kernel.Tests/KernelEngine.Kernel.Tests.csproj" />
    <Project Path="tests/csharp/KernelEngine.Configuration.Tests/KernelEngine.Configuration.Tests.csproj" />
    <Project Path="tests/csharp/KernelEngine.Runtime.Tests/KernelEngine.Runtime.Tests.csproj" />
  </Folder>
</Solution>
