<Solution>
  <Folder Name="/examples/" />
  <Folder Name="/examples/csharp/">
    <Project Path="examples/csharp/00_input_test/00_input_test.csproj" />
    <Project Path="examples/csharp/01_window_scene/01_window_scene.csproj" />
    <Project Path="examples/csharp/02_textured_quad/02_textured_quad.csproj" />
    <Project Path="examples/csharp/03_pbr_directional/03_pbr_directional.csproj" />
    <Project Path="examples/csharp/04_normal_map/04_normal_map.csproj" />
    <Project Path="examples/csharp/05_skybox_ibl/05_skybox_ibl.csproj" />
  </Folder>
  <Folder Name="/src/" />
  <Folder Name="/src/csharp/">
    <Project Path="src/csharp/KernelEngine.Asset.Assimp/KernelEngine.Asset.Assimp.csproj" />
    <Project Path="src/csharp/KernelEngine.Framework/KernelEngine.Framework.csproj" />
    <Project Path="src/csharp/KernelEngine.Kernel/KernelEngine.Kernel.csproj" />
    <Project Path="src/csharp/KernelEngine.Logging.Serilog/KernelEngine.Logging.Serilog.csproj" />
    <Project Path="src/csharp/KernelEngine.Render.Bgfx/KernelEngine.Render.Bgfx.csproj" />
    <Project Path="src/csharp/KernelEngine.Window.Glfw/KernelEngine.Window.Glfw.csproj" />
  </Folder>
  <Folder Name="/src/csharp/Native/">
    <Project Path="src/csharp/Native/KernelEngine.Asset.Assimp.Native/KernelEngine.Asset.Assimp.Native.csproj" />
    <Project Path="src/csharp/Native/KernelEngine.Render.Bgfx.Native/KernelEngine.Render.Bgfx.Native.csproj" />
    <Project Path="src/csharp/Native/KernelEngine.Window.Glfw.Native/KernelEngine.Window.Glfw.Native.csproj" />
    <Project Path="src/csharp/Native/KernelEngine.Kernel.Native/KernelEngine.Kernel.Native.csproj" />
    <Project Path="src/csharp/Native/KernelEngine.ShaderCompiler.Native/KernelEngine.ShaderCompiler.Native.csproj" />
  </Folder>
  <Folder Name="/tests/">
    <Project Path="tests/csharp/KernelEngine.Kernel.Tests/KernelEngine.Kernel.Tests.csproj" />
    <Project Path="tests/csharp/KernelEngine.Framework.Tests/KernelEngine.Framework.Tests.csproj" />
  </Folder>
</Solution>
