<Solution>
  <Folder Name="/examples/" />
  <Folder Name="/examples/csharp/">
    <Project Path="examples/csharp/01_window_scene/01_window_scene.csproj" />
  </Folder>
  <Folder Name="/src/" />
  <Folder Name="/src/csharp/">
    <Project Path="src/csharp/KernelEngine.Framework/KernelEngine.Framework.csproj" />
    <Project Path="src/csharp/KernelEngine.Kernel/KernelEngine.Kernel.csproj" />
    <Project Path="src/csharp/KernelEngine.Logging.Serilog/KernelEngine.Logging.Serilog.csproj" />
  </Folder>
  <Folder Name="/src/csharp/Native/">
    <Project Path="src/csharp/Native/KernelEngine.Bgfx.Native/KernelEngine.Bgfx.Native.csproj" />
    <Project Path="src/csharp/Native/KernelEngine.Glfw.Native/KernelEngine.Glfw.Native.csproj" />
    <Project Path="src/csharp/Native/KernelEngine.Kernel.Native/KernelEngine.Kernel.Native.csproj" />
    <Project Path="src/csharp/Native/KernelEngine.ShaderCompiler.Native/KernelEngine.ShaderCompiler.Native.csproj" />
  </Folder>
</Solution>
